
Microsoft Visual Studio Solution File, Format Version 12.00
# Visual Studio Version 17
VisualStudioVersion = 17.7.34031.279
MinimumVisualStudioVersion = 10.0.40219.1
Project("{9A19103F-16F7-4668-BE54-9A1E7A4F7556}") = "Pagos", "Pagos.csproj", "{2B7579E4-5F40-4B2E-A90D-DC8715E62804}"
EndProject
Global
	GlobalSection(SolutionConfigurationPlatforms) = preSolution
		Debug|Any CPU = Debug|Any CPU
		Release|Any CPU = Release|Any CPU
	EndGlobalSection
	GlobalSection(ProjectConfigurationPlatforms) = postSolution
		{2B7579E4-5F40-4B2E-A90D-DC8715E62804}.Debug|Any CPU.ActiveCfg = Debug|Any CPU
		{2B7579E4-5F40-4B2E-A90D-DC8715E62804}.Debug|Any CPU.Build.0 = Debug|Any CPU
		{2B7579E4-5F40-4B2E-A90D-DC8715E62804}.Release|Any CPU.ActiveCfg = Release|Any CPU
		{2B7579E4-5F40-4B2E-A90D-DC8715E62804}.Release|Any CPU.Build.0 = Release|Any CPU
	EndGlobalSection
	GlobalSection(SolutionProperties) = preSolution
		HideSolutionNode = FALSE
	EndGlobalSection
	GlobalSection(ExtensibilityGlobals) = postSolution
		SolutionGuid = {CCEE00E5-5B76-465A-8501-0865D0E671D3}
	EndGlobalSection
EndGlobal
